# @generated - this file is auto-generated by `mise lock` https://mise.jdx.dev/dev-tools/mise-lock.html

[[tools."aqua:mozilla/sccache"]]
version = "0.15.0"
backend = "aqua:mozilla/sccache"

[tools."aqua:mozilla/sccache"."platforms.linux-arm64"]
checksum = "sha256:3a6a3712b49da3d263bf2d30d702de4302793016019e800bfb81c0c69401d8f8"
url = "https://github.com/mozilla/sccache/releases/download/v0.15.0/sccache-v0.15.0-aarch64-unknown-linux-musl.tar.gz"

[tools."aqua:mozilla/sccache"."platforms.linux-arm64-musl"]
checksum = "sha256:3a6a3712b49da3d263bf2d30d702de4302793016019e800bfb81c0c69401d8f8"
url = "https://github.com/mozilla/sccache/releases/download/v0.15.0/sccache-v0.15.0-aarch64-unknown-linux-musl.tar.gz"

[tools."aqua:mozilla/sccache"."platforms.linux-x64"]
checksum = "sha256:782d2b5dd7ae0a55ebe368ab258114d0928d019ac2d949ab85d5d02f3926709e"
url = "https://github.com/mozilla/sccache/releases/download/v0.15.0/sccache-v0.15.0-x86_64-unknown-linux-musl.tar.gz"

[tools."aqua:mozilla/sccache"."platforms.linux-x64-musl"]
checksum = "sha256:782d2b5dd7ae0a55ebe368ab258114d0928d019ac2d949ab85d5d02f3926709e"
url = "https://github.com/mozilla/sccache/releases/download/v0.15.0/sccache-v0.15.0-x86_64-unknown-linux-musl.tar.gz"

[tools."aqua:mozilla/sccache"."platforms.macos-arm64"]
checksum = "sha256:430ef7b5f54256d3ed5bfe77e8b0afc51aa209aeebe4f95b69c3a52ce3acc6e9"
url = "https://github.com/mozilla/sccache/releases/download/v0.15.0/sccache-v0.15.0-aarch64-apple-darwin.tar.gz"

[tools."aqua:mozilla/sccache"."platforms.macos-x64"]
checksum = "sha256:f8da93e0689122268f720ddb48c8357f3da18be8c88aff23a8e75a7a219367db"
url = "https://github.com/mozilla/sccache/releases/download/v0.15.0/sccache-v0.15.0-x86_64-apple-darwin.tar.gz"

[tools."aqua:mozilla/sccache"."platforms.windows-x64"]
checksum = "sha256:b0b257a164bf438b2dea134ca7ded41c100f59a64b3bf275a202f1e8102ab217"
url = "https://github.com/mozilla/sccache/releases/download/v0.15.0/sccache-v0.15.0-x86_64-pc-windows-msvc.tar.gz"

[[tools.rust]]
version = "1.85.0"
backend = "core:rust"

[[tools.sccache]]
version = "0.15.0"
backend = "aqua:mozilla/sccache"

[tools.sccache."platforms.linux-arm64"]
checksum = "sha256:3a6a3712b49da3d263bf2d30d702de4302793016019e800bfb81c0c69401d8f8"
url = "https://github.com/mozilla/sccache/releases/download/v0.15.0/sccache-v0.15.0-aarch64-unknown-linux-musl.tar.gz"

[tools.sccache."platforms.linux-arm64-musl"]
checksum = "sha256:3a6a3712b49da3d263bf2d30d702de4302793016019e800bfb81c0c69401d8f8"
url = "https://github.com/mozilla/sccache/releases/download/v0.15.0/sccache-v0.15.0-aarch64-unknown-linux-musl.tar.gz"

[tools.sccache."platforms.linux-x64"]
checksum = "sha256:782d2b5dd7ae0a55ebe368ab258114d0928d019ac2d949ab85d5d02f3926709e"
url = "https://github.com/mozilla/sccache/releases/download/v0.15.0/sccache-v0.15.0-x86_64-unknown-linux-musl.tar.gz"

[tools.sccache."platforms.linux-x64-musl"]
checksum = "sha256:782d2b5dd7ae0a55ebe368ab258114d0928d019ac2d949ab85d5d02f3926709e"
url = "https://github.com/mozilla/sccache/releases/download/v0.15.0/sccache-v0.15.0-x86_64-unknown-linux-musl.tar.gz"

[tools.sccache."platforms.macos-arm64"]
checksum = "sha256:430ef7b5f54256d3ed5bfe77e8b0afc51aa209aeebe4f95b69c3a52ce3acc6e9"
url = "https://github.com/mozilla/sccache/releases/download/v0.15.0/sccache-v0.15.0-aarch64-apple-darwin.tar.gz"

[tools.sccache."platforms.macos-x64"]
checksum = "sha256:f8da93e0689122268f720ddb48c8357f3da18be8c88aff23a8e75a7a219367db"
url = "https://github.com/mozilla/sccache/releases/download/v0.15.0/sccache-v0.15.0-x86_64-apple-darwin.tar.gz"

[tools.sccache."platforms.windows-x64"]
checksum = "sha256:b0b257a164bf438b2dea134ca7ded41c100f59a64b3bf275a202f1e8102ab217"
url = "https://github.com/mozilla/sccache/releases/download/v0.15.0/sccache-v0.15.0-x86_64-pc-windows-msvc.tar.gz"
