# @generated - this file is auto-generated by `mise lock` https://mise.jdx.dev/dev-tools/mise-lock.html

[[tools."github:mozilla/sccache"]]
version = "0.15.0"
backend = "github:mozilla/sccache"

[tools."github:mozilla/sccache"."platforms.linux-arm64"]
checksum = "sha256:3a6a3712b49da3d263bf2d30d702de4302793016019e800bfb81c0c69401d8f8"
url = "https://github.com/mozilla/sccache/releases/download/v0.15.0/sccache-v0.15.0-aarch64-unknown-linux-musl.tar.gz"
url_api = "https://api.github.com/repos/mozilla/sccache/releases/assets/408308082"

[tools."github:mozilla/sccache"."platforms.linux-arm64-musl"]
checksum = "sha256:3a6a3712b49da3d263bf2d30d702de4302793016019e800bfb81c0c69401d8f8"
url = "https://github.com/mozilla/sccache/releases/download/v0.15.0/sccache-v0.15.0-aarch64-unknown-linux-musl.tar.gz"
url_api = "https://api.github.com/repos/mozilla/sccache/releases/assets/408308082"

[tools."github:mozilla/sccache"."platforms.linux-x64"]
checksum = "sha256:f03dd9b96f1d054630c9049798b899c00bf6ee7e1e754ae27e9d0e9b771df1b8"
url = "https://github.com/mozilla/sccache/releases/download/v0.15.0/sccache-dist-v0.15.0-x86_64-unknown-linux-musl.tar.gz"
url_api = "https://api.github.com/repos/mozilla/sccache/releases/assets/408308047"

[tools."github:mozilla/sccache"."platforms.linux-x64-musl"]
checksum = "sha256:f03dd9b96f1d054630c9049798b899c00bf6ee7e1e754ae27e9d0e9b771df1b8"
url = "https://github.com/mozilla/sccache/releases/download/v0.15.0/sccache-dist-v0.15.0-x86_64-unknown-linux-musl.tar.gz"
url_api = "https://api.github.com/repos/mozilla/sccache/releases/assets/408308047"

[tools."github:mozilla/sccache"."platforms.macos-arm64"]
checksum = "sha256:430ef7b5f54256d3ed5bfe77e8b0afc51aa209aeebe4f95b69c3a52ce3acc6e9"
url = "https://github.com/mozilla/sccache/releases/download/v0.15.0/sccache-v0.15.0-aarch64-apple-darwin.tar.gz"
url_api = "https://api.github.com/repos/mozilla/sccache/releases/assets/408308061"

[tools."github:mozilla/sccache"."platforms.macos-x64"]
checksum = "sha256:f8da93e0689122268f720ddb48c8357f3da18be8c88aff23a8e75a7a219367db"
url = "https://github.com/mozilla/sccache/releases/download/v0.15.0/sccache-v0.15.0-x86_64-apple-darwin.tar.gz"
url_api = "https://api.github.com/repos/mozilla/sccache/releases/assets/408308202"

[tools."github:mozilla/sccache"."platforms.windows-arm64"]
checksum = "sha256:7b35b34422f13b02dcf09d7d75b90a26212bf2beb86197d8d381fe46249684b6"
url = "https://github.com/mozilla/sccache/releases/download/v0.15.0/sccache-v0.15.0-aarch64-pc-windows-msvc.zip"
url_api = "https://api.github.com/repos/mozilla/sccache/releases/assets/408308263"

[tools."github:mozilla/sccache"."platforms.windows-x64"]
checksum = "sha256:dcf489090aa5ef4c7d145e8b29f759124c803d636c3107f397bd50d425b5f341"
url = "https://github.com/mozilla/sccache/releases/download/v0.15.0/sccache-v0.15.0-x86_64-pc-windows-msvc.zip"
url_api = "https://api.github.com/repos/mozilla/sccache/releases/assets/408308276"

[[tools.rust]]
version = "1.85.0"
backend = "core:rust"
